{
  "name": "grader",
  "version": "0.1.0",
  "lockfileVersion": 1,
  "requires": true,
  "dependencies": {
    "gl-matrix": {
      "version": "2.7.1",
      "resolved": "https://registry.npmjs.org/gl-matrix/-/gl-matrix-2.7.1.tgz",
      "integrity": "sha512-22I6q7aO2oKNahNV0+9JavVNUhQXRTvR5jP2s8U1l93TkjcQe8RK6MeMYpM7+66R0sCVUgSdO97BL439vePyzQ=="
    },
    "webgl": {
      "version": "0.0.7",
      "resolved": "https://registry.npmjs.org/webgl/-/webgl-0.0.7.tgz",
      "integrity": "sha1-vE7pVSOZOitiQ3dBnmotm+udeME="
    }
  }
}
