# THIS IS AN AUTOGENERATED FILE. DO NOT EDIT THIS FILE DIRECTLY.
# yarn lockfile v1


"@types/acorn@^4.0.3":
  version "4.0.3"
  resolved "https://registry.yarnpkg.com/@types/acorn/-/acorn-4.0.3.tgz#d1f3e738dde52536f9aad3d3380d14e448820afd"
  dependencies:
    "@types/estree" "*"

"@types/estree@*", "@types/estree@0.0.39":
  version "0.0.39"
  resolved "https://registry.yarnpkg.com/@types/estree/-/estree-0.0.39.tgz#e177e699ee1b8c22d23174caaa7422644389509f"

"@types/node@^10.5.2":
  version "10.5.2"
  resolved "https://registry.yarnpkg.com/@types/node/-/node-10.5.2.tgz#f19f05314d5421fe37e74153254201a7bf00a707"

acorn@^5.7.1:
  version "5.7.1"
  resolved "https://registry.yarnpkg.com/acorn/-/acorn-5.7.1.tgz#f095829297706a7c9776958c0afc8930a9b9d9d8"

astring@^1.2.0:
  version "1.3.1"
  resolved "https://registry.yarnpkg.com/astring/-/astring-1.3.1.tgz#3c9ac29c945717f361ca00964dcf6442381742d7"

commander@^2.14.1:
  version "2.16.0"
  resolved "https://registry.yarnpkg.com/commander/-/commander-2.16.0.tgz#f16390593996ceb4f3eeb020b31d78528f7f8a50"

common-tags@^1.4.0:
  version "1.8.0"
  resolved "https://registry.yarnpkg.com/common-tags/-/common-tags-1.8.0.tgz#8e3153e542d4a39e9b10554434afaaf98956a937"

invariant@^2.2.2:
  version "2.2.4"
  resolved "https://registry.yarnpkg.com/invariant/-/invariant-2.2.4.tgz#610f3c92c9359ce1db616e538008d23ff35158e6"
  dependencies:
    loose-envify "^1.0.0"

js-slang@0.1.2:
  version "0.1.2"
  resolved "https://registry.yarnpkg.com/js-slang/-/js-slang-0.1.2.tgz#e24e562d8b6e5c240b2004a4667d37a032cf10d4"
  dependencies:
    "@types/acorn" "^4.0.3"
    "@types/estree" "0.0.39"
    acorn "^5.7.1"
    astring "^1.2.0"
    commander "^2.14.1"
    common-tags "^1.4.0"
    invariant "^2.2.2"

"js-tokens@^3.0.0 || ^4.0.0":
  version "4.0.0"
  resolved "https://registry.yarnpkg.com/js-tokens/-/js-tokens-4.0.0.tgz#19203fb59991df98e3a287050d4647cdeaf32499"

loose-envify@^1.0.0:
  version "1.4.0"
  resolved "https://registry.yarnpkg.com/loose-envify/-/loose-envify-1.4.0.tgz#71ee51fa7be4caec1a63839f7e682d8132d30caf"
  dependencies:
    js-tokens "^3.0.0 || ^4.0.0"

typescript@^2.9.2:
  version "2.9.2"
  resolved "https://registry.yarnpkg.com/typescript/-/typescript-2.9.2.tgz#1cbf61d05d6b96269244eb6a3bce4bd914e0f00c"
